
Microsoft Visual Studio Solution File, Format Version 12.00
# Visual Studio Version 17
VisualStudioVersion = 17.9.34728.123
MinimumVisualStudioVersion = 10.0.40219.1
Project("{8BC9CEB8-8B4A-11D0-8D11-00A0C91BC942}") = "A2_P1", "A2_P1\A2_P1.vcxproj", "{FA506F9F-4B61-4E36-B2D3-95380D7C0841}"
EndProject
Global
	GlobalSection(SolutionConfigurationPlatforms) = preSolution
		Debug|x64 = Debug|x64
		Debug|x86 = Debug|x86
		Release|x64 = Release|x64
		Release|x86 = Release|x86
	EndGlobalSection
	GlobalSection(ProjectConfigurationPlatforms) = postSolution
		{FA506F9F-4B61-4E36-B2D3-95380D7C0841}.Debug|x64.ActiveCfg = Debug|x64
		{FA506F9F-4B61-4E36-B2D3-95380D7C0841}.Debug|x64.Build.0 = Debug|x64
		{FA506F9F-4B61-4E36-B2D3-95380D7C0841}.Debug|x86.ActiveCfg = Debug|Win32
		{FA506F9F-4B61-4E36-B2D3-95380D7C0841}.Debug|x86.Build.0 = Debug|Win32
		{FA506F9F-4B61-4E36-B2D3-95380D7C0841}.Release|x64.ActiveCfg = Release|x64
		{FA506F9F-4B61-4E36-B2D3-95380D7C0841}.Release|x64.Build.0 = Release|x64
		{FA506F9F-4B61-4E36-B2D3-95380D7C0841}.Release|x86.ActiveCfg = Release|Win32
		{FA506F9F-4B61-4E36-B2D3-95380D7C0841}.Release|x86.Build.0 = Release|Win32
	EndGlobalSection
	GlobalSection(SolutionProperties) = preSolution
		HideSolutionNode = FALSE
	EndGlobalSection
	GlobalSection(ExtensibilityGlobals) = postSolution
		SolutionGuid = {3AB50F16-EC38-45BA-BE4A-E0E1531A5A25}
	EndGlobalSection
EndGlobal
